# This file is generated by running "yarn install" inside your project.
# Manual changes might be lost - proceed with caution!

__metadata:
  version: 6
  cacheKey: 8

"@thani-sh/variable@npm:^1.0.0":
  version: 1.0.0
  resolution: "@thani-sh/variable@npm:1.0.0"
  checksum: decb4a7a62e2708245b9ca9947e82b177be1da43938b7590df52804e693583ebe28c0e2d1318d149578a94763f77b376d5a58efcdae9d80c5067296519f27077
  languageName: node
  linkType: hard

"my-app2@workspace:apps/my-app2":
  version: 0.0.0-use.local
  resolution: "my-app2@workspace:apps/my-app2"
  dependencies:
    "@thani-sh/variable": ^1.0.0
    my-lib2: "workspace:*"
  languageName: unknown
  linkType: soft

"my-app@workspace:apps/my-app":
  version: 0.0.0-use.local
  resolution: "my-app@workspace:apps/my-app"
  dependencies:
    "@thani-sh/variable": ^1.0.0
    my-lib: "workspace:*"
  languageName: unknown
  linkType: soft

"my-lib2@workspace:*, my-lib2@workspace:libs/my-lib2":
  version: 0.0.0-use.local
  resolution: "my-lib2@workspace:libs/my-lib2"
  peerDependencies:
    "@thani-sh/variable": ^1.0.0
  languageName: unknown
  linkType: soft

"my-lib@workspace:*, my-lib@workspace:libs/my-lib":
  version: 0.0.0-use.local
  resolution: "my-lib@workspace:libs/my-lib"
  dependencies:
    "@thani-sh/variable": ^1.0.0
  languageName: unknown
  linkType: soft

"test-resolve-with-links@workspace:.":
  version: 0.0.0-use.local
  resolution: "test-resolve-with-links@workspace:."
  languageName: unknown
  linkType: soft
